
Microsoft Visual Studio Solution File, Format Version 12.00
# Visual Studio Version 16
VisualStudioVersion = 16.0.31205.134
MinimumVisualStudioVersion = 10.0.40219.1
Project("{FAE04EC0-301F-11D3-BF4B-00C04F79EFBC}") = "CarsApi", "CarsApi\CarsApi.csproj", "{8C5F00A7-05FE-41EA-BB6F-9CA95BDA5197}"
EndProject
Global
	GlobalSection(SolutionConfigurationPlatforms) = preSolution
		Debug|Any CPU = Debug|Any CPU
		Release|Any CPU = Release|Any CPU
	EndGlobalSection
	GlobalSection(ProjectConfigurationPlatforms) = postSolution
		{8C5F00A7-05FE-41EA-BB6F-9CA95BDA5197}.Debug|Any CPU.ActiveCfg = Debug|Any CPU
		{8C5F00A7-05FE-41EA-BB6F-9CA95BDA5197}.Debug|Any CPU.Build.0 = Debug|Any CPU
		{8C5F00A7-05FE-41EA-BB6F-9CA95BDA5197}.Release|Any CPU.ActiveCfg = Release|Any CPU
		{8C5F00A7-05FE-41EA-BB6F-9CA95BDA5197}.Release|Any CPU.Build.0 = Release|Any CPU
	EndGlobalSection
	GlobalSection(SolutionProperties) = preSolution
		HideSolutionNode = FALSE
	EndGlobalSection
	GlobalSection(ExtensibilityGlobals) = postSolution
		SolutionGuid = {55E6F895-0BA3-414A-8BCB-3C8A713091F2}
	EndGlobalSection
EndGlobal
